
Microsoft Visual Studio Solution File, Format Version 12.00
# Visual Studio 15
VisualStudioVersion = 15.0.28307.136
MinimumVisualStudioVersion = 10.0.40219.1
Project("{9A19103F-16F7-4668-BE54-9A1E7A4F7556}") = "GameOfLife", "GameOfLife\GameOfLife.csproj", "{D5709B70-568F-4552-BC86-F8FAC09BB820}"
EndProject
Project("{FAE04EC0-301F-11D3-BF4B-00C04F79EFBC}") = "GameOfLifeCalculationLibrary", "GameOfLifeCalculationLibrary\GameOfLifeCalculationLibrary.csproj", "{49B9D327-C9F8-4F40-918B-4478E4C5731B}"
EndProject
Global
	GlobalSection(SolutionConfigurationPlatforms) = preSolution
		Debug|Any CPU = Debug|Any CPU
		Release|Any CPU = Release|Any CPU
	EndGlobalSection
	GlobalSection(ProjectConfigurationPlatforms) = postSolution
		{D5709B70-568F-4552-BC86-F8FAC09BB820}.Debug|Any CPU.ActiveCfg = Debug|Any CPU
		{D5709B70-568F-4552-BC86-F8FAC09BB820}.Debug|Any CPU.Build.0 = Debug|Any CPU
		{D5709B70-568F-4552-BC86-F8FAC09BB820}.Release|Any CPU.ActiveCfg = Release|Any CPU
		{D5709B70-568F-4552-BC86-F8FAC09BB820}.Release|Any CPU.Build.0 = Release|Any CPU
		{49B9D327-C9F8-4F40-918B-4478E4C5731B}.Debug|Any CPU.ActiveCfg = Debug|Any CPU
		{49B9D327-C9F8-4F40-918B-4478E4C5731B}.Debug|Any CPU.Build.0 = Debug|Any CPU
		{49B9D327-C9F8-4F40-918B-4478E4C5731B}.Release|Any CPU.ActiveCfg = Release|Any CPU
		{49B9D327-C9F8-4F40-918B-4478E4C5731B}.Release|Any CPU.Build.0 = Release|Any CPU
	EndGlobalSection
	GlobalSection(SolutionProperties) = preSolution
		HideSolutionNode = FALSE
	EndGlobalSection
	GlobalSection(ExtensibilityGlobals) = postSolution
		SolutionGuid = {AD27BE87-2D56-4ECB-B316-7ED2389AD57B}
	EndGlobalSection
EndGlobal
